
Microsoft Visual Studio Solution File, Format Version 12.00
# Visual Studio Version 17
VisualStudioVersion = 17.5.002.0
MinimumVisualStudioVersion = 10.0.40219.1
Project("{9A19103F-16F7-4668-BE54-9A1E7A4F7556}") = "Taller1", "Taller1.csproj", "{3BCEEC65-8E0F-4FA3-B01A-A9EE4EC0DB53}"
EndProject
Global
	GlobalSection(SolutionConfigurationPlatforms) = preSolution
		Debug|Any CPU = Debug|Any CPU
		Release|Any CPU = Release|Any CPU
	EndGlobalSection
	GlobalSection(ProjectConfigurationPlatforms) = postSolution
		{3BCEEC65-8E0F-4FA3-B01A-A9EE4EC0DB53}.Debug|Any CPU.ActiveCfg = Debug|Any CPU
		{3BCEEC65-8E0F-4FA3-B01A-A9EE4EC0DB53}.Debug|Any CPU.Build.0 = Debug|Any CPU
		{3BCEEC65-8E0F-4FA3-B01A-A9EE4EC0DB53}.Release|Any CPU.ActiveCfg = Release|Any CPU
		{3BCEEC65-8E0F-4FA3-B01A-A9EE4EC0DB53}.Release|Any CPU.Build.0 = Release|Any CPU
	EndGlobalSection
	GlobalSection(SolutionProperties) = preSolution
		HideSolutionNode = FALSE
	EndGlobalSection
	GlobalSection(ExtensibilityGlobals) = postSolution
		SolutionGuid = {6B918710-E26D-4529-82F1-D39B8C098451}
	EndGlobalSection
EndGlobal
